
Microsoft Visual Studio Solution File, Format Version 12.00
# Visual Studio Version 17
VisualStudioVersion = 17.0.31912.275
MinimumVisualStudioVersion = 10.0.40219.1
Project("{2150E333-8FDC-42A3-9474-1A3956D46DE8}") = "back-end", "back-end", "{B3A74383-3256-4620-B4EB-7595BC10321B}"
EndProject
Project("{9A19103F-16F7-4668-BE54-9A1E7A4F7556}") = "Store.BusinessLogic", "Shop.BusinessLogic\Store.BusinessLogic.csproj", "{AA5B7644-BACA-4252-A5C0-87584DEE404B}"
EndProject
Project("{9A19103F-16F7-4668-BE54-9A1E7A4F7556}") = "Store.DAL", "Shop.DAL\Store.DAL.csproj", "{4A39F189-3A85-4B10-B22B-45E74E3B1384}"
EndProject
Project("{9A19103F-16F7-4668-BE54-9A1E7A4F7556}") = "Store.Common", "Shop.Common\Store.Common.csproj", "{AD2A320E-4EBF-4509-8D2D-BE3EB5797E7B}"
EndProject
Project("{FAE04EC0-301F-11D3-BF4B-00C04F79EFBC}") = "Store.WebAPI", "Store.WebAPI\Store.WebAPI.csproj", "{61B8CA71-B3AD-4B08-89FF-582707E14535}"
EndProject
Global
	GlobalSection(SolutionConfigurationPlatforms) = preSolution
		Debug|Any CPU = Debug|Any CPU
		Release|Any CPU = Release|Any CPU
	EndGlobalSection
	GlobalSection(ProjectConfigurationPlatforms) = postSolution
		{AA5B7644-BACA-4252-A5C0-87584DEE404B}.Debug|Any CPU.ActiveCfg = Debug|Any CPU
		{AA5B7644-BACA-4252-A5C0-87584DEE404B}.Debug|Any CPU.Build.0 = Debug|Any CPU
		{AA5B7644-BACA-4252-A5C0-87584DEE404B}.Release|Any CPU.ActiveCfg = Release|Any CPU
		{AA5B7644-BACA-4252-A5C0-87584DEE404B}.Release|Any CPU.Build.0 = Release|Any CPU
		{4A39F189-3A85-4B10-B22B-45E74E3B1384}.Debug|Any CPU.ActiveCfg = Debug|Any CPU
		{4A39F189-3A85-4B10-B22B-45E74E3B1384}.Debug|Any CPU.Build.0 = Debug|Any CPU
		{4A39F189-3A85-4B10-B22B-45E74E3B1384}.Release|Any CPU.ActiveCfg = Release|Any CPU
		{4A39F189-3A85-4B10-B22B-45E74E3B1384}.Release|Any CPU.Build.0 = Release|Any CPU
		{AD2A320E-4EBF-4509-8D2D-BE3EB5797E7B}.Debug|Any CPU.ActiveCfg = Debug|Any CPU
		{AD2A320E-4EBF-4509-8D2D-BE3EB5797E7B}.Debug|Any CPU.Build.0 = Debug|Any CPU
		{AD2A320E-4EBF-4509-8D2D-BE3EB5797E7B}.Release|Any CPU.ActiveCfg = Release|Any CPU
		{AD2A320E-4EBF-4509-8D2D-BE3EB5797E7B}.Release|Any CPU.Build.0 = Release|Any CPU
		{61B8CA71-B3AD-4B08-89FF-582707E14535}.Debug|Any CPU.ActiveCfg = Debug|Any CPU
		{61B8CA71-B3AD-4B08-89FF-582707E14535}.Debug|Any CPU.Build.0 = Debug|Any CPU
		{61B8CA71-B3AD-4B08-89FF-582707E14535}.Release|Any CPU.ActiveCfg = Release|Any CPU
		{61B8CA71-B3AD-4B08-89FF-582707E14535}.Release|Any CPU.Build.0 = Release|Any CPU
	EndGlobalSection
	GlobalSection(SolutionProperties) = preSolution
		HideSolutionNode = FALSE
	EndGlobalSection
	GlobalSection(NestedProjects) = preSolution
		{AA5B7644-BACA-4252-A5C0-87584DEE404B} = {B3A74383-3256-4620-B4EB-7595BC10321B}
		{4A39F189-3A85-4B10-B22B-45E74E3B1384} = {B3A74383-3256-4620-B4EB-7595BC10321B}
		{AD2A320E-4EBF-4509-8D2D-BE3EB5797E7B} = {B3A74383-3256-4620-B4EB-7595BC10321B}
		{61B8CA71-B3AD-4B08-89FF-582707E14535} = {B3A74383-3256-4620-B4EB-7595BC10321B}
	EndGlobalSection
	GlobalSection(ExtensibilityGlobals) = postSolution
		SolutionGuid = {D20E36FB-7702-4585-8365-BF1D6C516972}
	EndGlobalSection
EndGlobal
